
Microsoft Visual Studio Solution File, Format Version 12.00
# Visual Studio Version 16
VisualStudioVersion = 16.0.29001.49
MinimumVisualStudioVersion = 10.0.40219.1
Project("{FAE04EC0-301F-11D3-BF4B-00C04F79EFBC}") = "AppCenso", "AppCenso.csproj", "{950A7595-6EBA-4B0D-A533-AD2FA5D0770E}"
EndProject
Global
	GlobalSection(SolutionConfigurationPlatforms) = preSolution
		Debug|Any CPU = Debug|Any CPU
		Release|Any CPU = Release|Any CPU
	EndGlobalSection
	GlobalSection(ProjectConfigurationPlatforms) = postSolution
		{950A7595-6EBA-4B0D-A533-AD2FA5D0770E}.Debug|Any CPU.ActiveCfg = Debug|Any CPU
		{950A7595-6EBA-4B0D-A533-AD2FA5D0770E}.Debug|Any CPU.Build.0 = Debug|Any CPU
		{950A7595-6EBA-4B0D-A533-AD2FA5D0770E}.Release|Any CPU.ActiveCfg = Release|Any CPU
		{950A7595-6EBA-4B0D-A533-AD2FA5D0770E}.Release|Any CPU.Build.0 = Release|Any CPU
	EndGlobalSection
	GlobalSection(SolutionProperties) = preSolution
		HideSolutionNode = FALSE
	EndGlobalSection
	GlobalSection(ExtensibilityGlobals) = postSolution
		SolutionGuid = {F95AC03D-A7BC-47DE-AB85-B4DF395E3CFD}
	EndGlobalSection
EndGlobal
